// !$*UTF8*$!
{
	archiveVersion = 1;
	classes = {
	};
	objectVersion = 77;
	objects = {

/* Begin PBXContainerItemProxy section */
		D273EE602CE569A100F32D46 /* PBXContainerItemProxy */ = {
			isa = PBXContainerItemProxy;
			containerPortal = D273EE472CE5699E00F32D46 /* Project object */;
			proxyType = 1;
			remoteGlobalIDString = D273EE4E2CE5699E00F32D46;
			remoteInfo = Digital_Factory;
		};
		D273EE6A2CE569A100F32D46 /* PBXContainerItemProxy */ = {
			isa = PBXContainerItemProxy;
			containerPortal = D273EE472CE5699E00F32D46 /* Project object */;
			proxyType = 1;
			remoteGlobalIDString = D273EE4E2CE5699E00F32D46;
			remoteInfo = Digital_Factory;
		};
/* End PBXContainerItemProxy section */

/* Begin PBXFileReference section */
		D273EE4F2CE5699E00F32D46 /* Digital_Factory.app */ = {isa = PBXFileReference; explicitFileType = wrapper.application; includeInIndex = 0; path = Digital_Factory.app; sourceTree = BUILT_PRODUCTS_DIR; };
		D273EE5F2CE569A100F32D46 /* Digital_FactoryTests.xctest */ = {isa = PBXFileReference; explicitFileType = wrapper.cfbundle; includeInIndex = 0; path = Digital_FactoryTests.xctest; sourceTree = BUILT_PRODUCTS_DIR; };
		D273EE692CE569A100F32D46 /* Digital_FactoryUITests.xctest */ = {isa = PBXFileReference; explicitFileType = wrapper.cfbundle; includeInIndex = 0; path = Digital_FactoryUITests.xctest; sourceTree = BUILT_PRODUCTS_DIR; };
/* End PBXFileReference section */

/* Begin PBXFileSystemSynchronizedRootGroup section */
		D273EE512CE5699E00F32D46 /* Digital_Factory */ = {
			isa = PBXFileSystemSynchronizedRootGroup;
			path = Digital_Factory;
			sourceTree = "<group>";
		};
		D273EE622CE569A100F32D46 /* Digital_FactoryTests */ = {
			isa = PBXFileSystemSynchronizedRootGroup;
			path = Digital_FactoryTests;
			sourceTree = "<group>";
		};
		D273EE6C2CE569A100F32D46 /* Digital_FactoryUITests */ = {
			isa = PBXFileSystemSynchronizedRootGroup;
			path = Digital_FactoryUITests;
			sourceTree = "<group>";
		};
/* End PBXFileSystemSynchronizedRootGroup section */

/* Begin PBXFrameworksBuildPhase section */
		D273EE4C2CE5699E00F32D46 /* Frameworks */ = {
			isa = PBXFrameworksBuildPhase;
			buildActionMask = 2147483647;
			files = (
			);
			runOnlyForDeploymentPostprocessing = 0;
		};
		D273EE5C2CE569A100F32D46 /* Frameworks */ = {
			isa = PBXFrameworksBuildPhase;
			buildActionMask = 2147483647;
			files = (
			);
			runOnlyForDeploymentPostprocessing = 0;
		};
		D273EE662CE569A100F32D46 /* Frameworks */ = {
			isa = PBXFrameworksBuildPhase;
			buildActionMask = 2147483647;
			files = (
			);
			runOnlyForDeploymentPostprocessing = 0;
		};
/* End PBXFrameworksBuildPhase section */

/* Begin PBXGroup section */
		D273EE462CE5699E00F32D46 = {
			isa = PBXGroup;
			children = (
				D273EE512CE5699E00F32D46 /* Digital_Factory */,
				D273EE622CE569A100F32D46 /* Digital_FactoryTests */,
				D273EE6C2CE569A100F32D46 /* Digital_FactoryUITests */,
				D273EE502CE5699E00F32D46 /* Products */,
			);
			sourceTree = "<group>";
		};
		D273EE502CE5699E00F32D46 /* Products */ = {
			isa = PBXGroup;
			children = (
				D273EE4F2CE5699E00F32D46 /* Digital_Factory.app */,
				D273EE5F2CE569A100F32D46 /* Digital_FactoryTests.xctest */,
				D273EE692CE569A100F32D46 /* Digital_FactoryUITests.xctest */,
			);
			name = Products;
			sourceTree = "<group>";
		};
/* End PBXGroup section */

/* Begin PBXNativeTarget section */
		D273EE4E2CE5699E00F32D46 /* Digital_Factory */ = {
			isa = PBXNativeTarget;
			buildConfigurationList = D273EE732CE569A100F32D46 /* Build configuration list for PBXNativeTarget "Digital_Factory" */;
			buildPhases = (
				D273EE4B2CE5699E00F32D46 /* Sources */,
				D273EE4C2CE5699E00F32D46 /* Frameworks */,
				D273EE4D2CE5699E00F32D46 /* Resources */,
			);
			buildRules = (
			);
			dependencies = (
			);
			fileSystemSynchronizedGroups = (
				D273EE512CE5699E00F32D46 /* Digital_Factory */,
			);
			name = Digital_Factory;
			packageProductDependencies = (
			);
			productName = Digital_Factory;
			productReference = D273EE4F2CE5699E00F32D46 /* Digital_Factory.app */;
			productType = "com.apple.product-type.application";
		};
		D273EE5E2CE569A100F32D46 /* Digital_FactoryTests */ = {
			isa = PBXNativeTarget;
			buildConfigurationList = D273EE762CE569A100F32D46 /* Build configuration list for PBXNativeTarget "Digital_FactoryTests" */;
			buildPhases = (
				D273EE5B2CE569A100F32D46 /* Sources */,
				D273EE5C2CE569A100F32D46 /* Frameworks */,
				D273EE5D2CE569A100F32D46 /* Resources */,
			);
			buildRules = (
			);
			dependencies = (
				D273EE612CE569A100F32D46 /* PBXTargetDependency */,
			);
			fileSystemSynchronizedGroups = (
				D273EE622CE569A100F32D46 /* Digital_FactoryTests */,
			);
			name = Digital_FactoryTests;
			packageProductDependencies = (
			);
			productName = Digital_FactoryTests;
			productReference = D273EE5F2CE569A100F32D46 /* Digital_FactoryTests.xctest */;
			productType = "com.apple.product-type.bundle.unit-test";
		};
		D273EE682CE569A100F32D46 /* Digital_FactoryUITests */ = {
			isa = PBXNativeTarget;
			buildConfigurationList = D273EE792CE569A100F32D46 /* Build configuration list for PBXNativeTarget "Digital_FactoryUITests" */;
			buildPhases = (
				D273EE652CE569A100F32D46 /* Sources */,
				D273EE662CE569A100F32D46 /* Frameworks */,
				D273EE672CE569A100F32D46 /* Resources */,
			);
			buildRules = (
			);
			dependencies = (
				D273EE6B2CE569A100F32D46 /* PBXTargetDependency */,
			);
			fileSystemSynchronizedGroups = (
				D273EE6C2CE569A100F32D46 /* Digital_FactoryUITests */,
			);
			name = Digital_FactoryUITests;
			packageProductDependencies = (
			);
			productName = Digital_FactoryUITests;
			productReference = D273EE692CE569A100F32D46 /* Digital_FactoryUITests.xctest */;
			productType = "com.apple.product-type.bundle.ui-testing";
		};
/* End PBXNativeTarget section */

/* Begin PBXProject section */
		D273EE472CE5699E00F32D46 /* Project object */ = {
			isa = PBXProject;
			attributes = {
				BuildIndependentTargetsInParallel = 1;
				LastSwiftUpdateCheck = 1610;
				LastUpgradeCheck = 1610;
				TargetAttributes = {
					D273EE4E2CE5699E00F32D46 = {
						CreatedOnToolsVersion = 16.1;
						LastSwiftMigration = 1610;
					};
					D273EE5E2CE569A100F32D46 = {
						CreatedOnToolsVersion = 16.1;
						TestTargetID = D273EE4E2CE5699E00F32D46;
					};
					D273EE682CE569A100F32D46 = {
						CreatedOnToolsVersion = 16.1;
						TestTargetID = D273EE4E2CE5699E00F32D46;
					};
				};
			};
			buildConfigurationList = D273EE4A2CE5699E00F32D46 /* Build configuration list for PBXProject "Digital_Factory" */;
			developmentRegion = en;
			hasScannedForEncodings = 0;
			knownRegions = (
				en,
				Base,
			);
			mainGroup = D273EE462CE5699E00F32D46;
			minimizedProjectReferenceProxies = 1;
			preferredProjectObjectVersion = 77;
			productRefGroup = D273EE502CE5699E00F32D46 /* Products */;
			projectDirPath = "";
			projectRoot = "";
			targets = (
				D273EE4E2CE5699E00F32D46 /* Digital_Factory */,
				D273EE5E2CE569A100F32D46 /* Digital_FactoryTests */,
				D273EE682CE569A100F32D46 /* Digital_FactoryUITests */,
			);
		};
/* End PBXProject section */

/* Begin PBXResourcesBuildPhase section */
		D273EE4D2CE5699E00F32D46 /* Resources */ = {
			isa = PBXResourcesBuildPhase;
			buildActionMask = 2147483647;
			files = (
			);
			runOnlyForDeploymentPostprocessing = 0;
		};
		D273EE5D2CE569A100F32D46 /* Resources */ = {
			isa = PBXResourcesBuildPhase;
			buildActionMask = 2147483647;
			files = (
			);
			runOnlyForDeploymentPostprocessing = 0;
		};
		D273EE672CE569A100F32D46 /* Resources */ = {
			isa = PBXResourcesBuildPhase;
			buildActionMask = 2147483647;
			files = (
			);
			runOnlyForDeploymentPostprocessing = 0;
		};
/* End PBXResourcesBuildPhase section */

/* Begin PBXSourcesBuildPhase section */
		D273EE4B2CE5699E00F32D46 /* Sources */ = {
			isa = PBXSourcesBuildPhase;
			buildActionMask = 2147483647;
			files = (
			);
			runOnlyForDeploymentPostprocessing = 0;
		};
		D273EE5B2CE569A100F32D46 /* Sources */ = {
			isa = PBXSourcesBuildPhase;
			buildActionMask = 2147483647;
			files = (
			);
			runOnlyForDeploymentPostprocessing = 0;
		};
		D273EE652CE569A100F32D46 /* Sources */ = {
			isa = PBXSourcesBuildPhase;
			buildActionMask = 2147483647;
			files = (
			);
			runOnlyForDeploymentPostprocessing = 0;
		};
/* End PBXSourcesBuildPhase section */

/* Begin PBXTargetDependency section */
		D273EE612CE569A100F32D46 /* PBXTargetDependency */ = {
			isa = PBXTargetDependency;
			target = D273EE4E2CE5699E00F32D46 /* Digital_Factory */;
			targetProxy = D273EE602CE569A100F32D46 /* PBXContainerItemProxy */;
		};
		D273EE6B2CE569A100F32D46 /* PBXTargetDependency */ = {
			isa = PBXTargetDependency;
			target = D273EE4E2CE5699E00F32D46 /* Digital_Factory */;
			targetProxy = D273EE6A2CE569A100F32D46 /* PBXContainerItemProxy */;
		};
/* End PBXTargetDependency section */

/* Begin XCBuildConfiguration section */
		D273EE712CE569A100F32D46 /* Debug */ = {
			isa = XCBuildConfiguration;
			buildSettings = {
				ALWAYS_SEARCH_USER_PATHS = NO;
				ASSETCATALOG_COMPILER_GENERATE_SWIFT_ASSET_SYMBOL_EXTENSIONS = YES;
				CLANG_ANALYZER_NONNULL = YES;
				CLANG_ANALYZER_NUMBER_OBJECT_CONVERSION = YES_AGGRESSIVE;
				CLANG_CXX_LANGUAGE_STANDARD = "gnu++20";
				CLANG_ENABLE_MODULES = YES;
				CLANG_ENABLE_OBJC_ARC = YES;
				CLANG_ENABLE_OBJC_WEAK = YES;
				CLANG_WARN_BLOCK_CAPTURE_AUTORELEASING = YES;
				CLANG_WARN_BOOL_CONVERSION = YES;
				CLANG_WARN_COMMA = YES;
				CLANG_WARN_CONSTANT_CONVERSION = YES;
				CLANG_WARN_DEPRECATED_OBJC_IMPLEMENTATIONS = YES;
				CLANG_WARN_DIRECT_OBJC_ISA_USAGE = YES_ERROR;
				CLANG_WARN_DOCUMENTATION_COMMENTS = YES;
				CLANG_WARN_EMPTY_BODY = YES;
				CLANG_WARN_ENUM_CONVERSION = YES;
				CLANG_WARN_INFINITE_RECURSION = YES;
				CLANG_WARN_INT_CONVERSION = YES;
				CLANG_WARN_NON_LITERAL_NULL_CONVERSION = YES;
				CLANG_WARN_OBJC_IMPLICIT_RETAIN_SELF = YES;
				CLANG_WARN_OBJC_LITERAL_CONVERSION = YES;
				CLANG_WARN_OBJC_ROOT_CLASS = YES_ERROR;
				CLANG_WARN_QUOTED_INCLUDE_IN_FRAMEWORK_HEADER = YES;
				CLANG_WARN_RANGE_LOOP_ANALYSIS = YES;
				CLANG_WARN_STRICT_PROTOTYPES = YES;
				CLANG_WARN_SUSPICIOUS_MOVE = YES;
				CLANG_WARN_UNGUARDED_AVAILABILITY = YES_AGGRESSIVE;
				CLANG_WARN_UNREACHABLE_CODE = YES;
				CLANG_WARN__DUPLICATE_METHOD_MATCH = YES;
				COPY_PHASE_STRIP = NO;
				DEBUG_INFORMATION_FORMAT = dwarf;
				ENABLE_STRICT_OBJC_MSGSEND = YES;
				ENABLE_TESTABILITY = YES;
				ENABLE_USER_SCRIPT_SANDBOXING = YES;
				GCC_C_LANGUAGE_STANDARD = gnu17;
				GCC_DYNAMIC_NO_PIC = NO;
				GCC_NO_COMMON_BLOCKS = YES;
				GCC_OPTIMIZATION_LEVEL = 0;
				GCC_PREPROCESSOR_DEFINITIONS = (
					"DEBUG=1",
					"$(inherited)",
				);
				GCC_WARN_64_TO_32_BIT_CONVERSION = YES;
				GCC_WARN_ABOUT_RETURN_TYPE = YES_ERROR;
				GCC_WARN_UNDECLARED_SELECTOR = YES;
				GCC_WARN_UNINITIALIZED_AUTOS = YES_AGGRESSIVE;
				GCC_WARN_UNUSED_FUNCTION = YES;
				GCC_WARN_UNUSED_VARIABLE = YES;
				IPHONEOS_DEPLOYMENT_TARGET = 18.1;
				LOCALIZATION_PREFERS_STRING_CATALOGS = YES;
				MTL_ENABLE_DEBUG_INFO = INCLUDE_SOURCE;
				MTL_FAST_MATH = YES;
				ONLY_ACTIVE_ARCH = YES;
				SDKROOT = iphoneos;
				SWIFT_ACTIVE_COMPILATION_CONDITIONS = "DEBUG $(inherited)";
				SWIFT_OPTIMIZATION_LEVEL = "-Onone";
			};
			name = Debug;
		};
		D273EE722CE569A100F32D46 /* Release */ = {
			isa = XCBuildConfiguration;
			buildSettings = {
				ALWAYS_SEARCH_USER_PATHS = NO;
				ASSETCATALOG_COMPILER_GENERATE_SWIFT_ASSET_SYMBOL_EXTENSIONS = YES;
				CLANG_ANALYZER_NONNULL = YES;
				CLANG_ANALYZER_NUMBER_OBJECT_CONVERSION = YES_AGGRESSIVE;
				CLANG_CXX_LANGUAGE_STANDARD = "gnu++20";
				CLANG_ENABLE_MODULES = YES;
				CLANG_ENABLE_OBJC_ARC = YES;
				CLANG_ENABLE_OBJC_WEAK = YES;
				CLANG_WARN_BLOCK_CAPTURE_AUTORELEASING = YES;
				CLANG_WARN_BOOL_CONVERSION = YES;
				CLANG_WARN_COMMA = YES;
				CLANG_WARN_CONSTANT_CONVERSION = YES;
				CLANG_WARN_DEPRECATED_OBJC_IMPLEMENTATIONS = YES;
				CLANG_WARN_DIRECT_OBJC_ISA_USAGE = YES_ERROR;
				CLANG_WARN_DOCUMENTATION_COMMENTS = YES;
				CLANG_WARN_EMPTY_BODY = YES;
				CLANG_WARN_ENUM_CONVERSION = YES;
				CLANG_WARN_INFINITE_RECURSION = YES;
				CLANG_WARN_INT_CONVERSION = YES;
				CLANG_WARN_NON_LITERAL_NULL_CONVERSION = YES;
				CLANG_WARN_OBJC_IMPLICIT_RETAIN_SELF = YES;
				CLANG_WARN_OBJC_LITERAL_CONVERSION = YES;
				CLANG_WARN_OBJC_ROOT_CLASS = YES_ERROR;
				CLANG_WARN_QUOTED_INCLUDE_IN_FRAMEWORK_HEADER = YES;
				CLANG_WARN_RANGE_LOOP_ANALYSIS = YES;
				CLANG_WARN_STRICT_PROTOTYPES = YES;
				CLANG_WARN_SUSPICIOUS_MOVE = YES;
				CLANG_WARN_UNGUARDED_AVAILABILITY = YES_AGGRESSIVE;
				CLANG_WARN_UNREACHABLE_CODE = YES;
				CLANG_WARN__DUPLICATE_METHOD_MATCH = YES;
				COPY_PHASE_STRIP = NO;
				DEBUG_INFORMATION_FORMAT = "dwarf-with-dsym";
				ENABLE_NS_ASSERTIONS = NO;
				ENABLE_STRICT_OBJC_MSGSEND = YES;
				ENABLE_USER_SCRIPT_SANDBOXING = YES;
				GCC_C_LANGUAGE_STANDARD = gnu17;
				GCC_NO_COMMON_BLOCKS = YES;
				GCC_WARN_64_TO_32_BIT_CONVERSION = YES;
				GCC_WARN_ABOUT_RETURN_TYPE = YES_ERROR;
				GCC_WARN_UNDECLARED_SELECTOR = YES;
				GCC_WARN_UNINITIALIZED_AUTOS = YES_AGGRESSIVE;
				GCC_WARN_UNUSED_FUNCTION = YES;
				GCC_WARN_UNUSED_VARIABLE = YES;
				IPHONEOS_DEPLOYMENT_TARGET = 18.1;
				LOCALIZATION_PREFERS_STRING_CATALOGS = YES;
				MTL_ENABLE_DEBUG_INFO = NO;
				MTL_FAST_MATH = YES;
				SDKROOT = iphoneos;
				SWIFT_COMPILATION_MODE = wholemodule;
				VALIDATE_PRODUCT = YES;
			};
			name = Release;
		};
		D273EE742CE569A100F32D46 /* Debug */ = {
			isa = XCBuildConfiguration;
			buildSettings = {
				ASSETCATALOG_COMPILER_APPICON_NAME = AppIcon;
				ASSETCATALOG_COMPILER_GLOBAL_ACCENT_COLOR_NAME = AccentColor;
				CLANG_ENABLE_MODULES = YES;
				CODE_SIGN_STYLE = Automatic;
				CURRENT_PROJECT_VERSION = 1;
				DEVELOPMENT_ASSET_PATHS = "\"Digital_Factory/Preview Content\"";
				ENABLE_PREVIEWS = YES;
				GENERATE_INFOPLIST_FILE = YES;
				INFOPLIST_KEY_UIApplicationSceneManifest_Generation = YES;
				INFOPLIST_KEY_UIApplicationSupportsIndirectInputEvents = YES;
				INFOPLIST_KEY_UILaunchScreen_Generation = YES;
				INFOPLIST_KEY_UISupportedInterfaceOrientations_iPad = "UIInterfaceOrientationPortrait UIInterfaceOrientationPortraitUpsideDown UIInterfaceOrientationLandscapeLeft UIInterfaceOrientationLandscapeRight";
				INFOPLIST_KEY_UISupportedInterfaceOrientations_iPhone = "UIInterfaceOrientationPortrait UIInterfaceOrientationLandscapeLeft UIInterfaceOrientationLandscapeRight";
				LD_RUNPATH_SEARCH_PATHS = (
					"$(inherited)",
					"@executable_path/Frameworks",
				);
				MARKETING_VERSION = 1.0;
				PRODUCT_BUNDLE_IDENTIFIER = "spidey.Digital-Factory";
				PRODUCT_NAME = "$(TARGET_NAME)";
				SWIFT_EMIT_LOC_STRINGS = YES;
				SWIFT_OBJC_BRIDGING_HEADER = "Digital_Factory/Digital_Factory-Bridging-Header.h";
				SWIFT_OPTIMIZATION_LEVEL = "-Onone";
				SWIFT_VERSION = 5.0;
				TARGETED_DEVICE_FAMILY = "1,2";
			};
			name = Debug;
		};
		D273EE752CE569A100F32D46 /* Release */ = {
			isa = XCBuildConfiguration;
			buildSettings = {
				ASSETCATALOG_COMPILER_APPICON_NAME = AppIcon;
				ASSETCATALOG_COMPILER_GLOBAL_ACCENT_COLOR_NAME = AccentColor;
				CLANG_ENABLE_MODULES = YES;
				CODE_SIGN_STYLE = Automatic;
				CURRENT_PROJECT_VERSION = 1;
				DEVELOPMENT_ASSET_PATHS = "\"Digital_Factory/Preview Content\"";
				ENABLE_PREVIEWS = YES;
				GENERATE_INFOPLIST_FILE = YES;
				INFOPLIST_KEY_UIApplicationSceneManifest_Generation = YES;
				INFOPLIST_KEY_UIApplicationSupportsIndirectInputEvents = YES;
				INFOPLIST_KEY_UILaunchScreen_Generation = YES;
				INFOPLIST_KEY_UISupportedInterfaceOrientations_iPad = "UIInterfaceOrientationPortrait UIInterfaceOrientationPortraitUpsideDown UIInterfaceOrientationLandscapeLeft UIInterfaceOrientationLandscapeRight";
				INFOPLIST_KEY_UISupportedInterfaceOrientations_iPhone = "UIInterfaceOrientationPortrait UIInterfaceOrientationLandscapeLeft UIInterfaceOrientationLandscapeRight";
				LD_RUNPATH_SEARCH_PATHS = (
					"$(inherited)",
					"@executable_path/Frameworks",
				);
				MARKETING_VERSION = 1.0;
				PRODUCT_BUNDLE_IDENTIFIER = "spidey.Digital-Factory";
				PRODUCT_NAME = "$(TARGET_NAME)";
				SWIFT_EMIT_LOC_STRINGS = YES;
				SWIFT_OBJC_BRIDGING_HEADER = "Digital_Factory/Digital_Factory-Bridging-Header.h";
				SWIFT_VERSION = 5.0;
				TARGETED_DEVICE_FAMILY = "1,2";
			};
			name = Release;
		};
		D273EE772CE569A100F32D46 /* Debug */ = {
			isa = XCBuildConfiguration;
			buildSettings = {
				BUNDLE_LOADER = "$(TEST_HOST)";
				CODE_SIGN_STYLE = Automatic;
				CURRENT_PROJECT_VERSION = 1;
				GENERATE_INFOPLIST_FILE = YES;
				IPHONEOS_DEPLOYMENT_TARGET = 18.1;
				MARKETING_VERSION = 1.0;
				PRODUCT_BUNDLE_IDENTIFIER = "spidey.Digital-FactoryTests";
				PRODUCT_NAME = "$(TARGET_NAME)";
				SWIFT_EMIT_LOC_STRINGS = NO;
				SWIFT_VERSION = 5.0;
				TARGETED_DEVICE_FAMILY = "1,2";
				TEST_HOST = "$(BUILT_PRODUCTS_DIR)/Digital_Factory.app/$(BUNDLE_EXECUTABLE_FOLDER_PATH)/Digital_Factory";
			};
			name = Debug;
		};
		D273EE782CE569A100F32D46 /* Release */ = {
			isa = XCBuildConfiguration;
			buildSettings = {
				BUNDLE_LOADER = "$(TEST_HOST)";
				CODE_SIGN_STYLE = Automatic;
				CURRENT_PROJECT_VERSION = 1;
				GENERATE_INFOPLIST_FILE = YES;
				IPHONEOS_DEPLOYMENT_TARGET = 18.1;
				MARKETING_VERSION = 1.0;
				PRODUCT_BUNDLE_IDENTIFIER = "spidey.Digital-FactoryTests";
				PRODUCT_NAME = "$(TARGET_NAME)";
				SWIFT_EMIT_LOC_STRINGS = NO;
				SWIFT_VERSION = 5.0;
				TARGETED_DEVICE_FAMILY = "1,2";
				TEST_HOST = "$(BUILT_PRODUCTS_DIR)/Digital_Factory.app/$(BUNDLE_EXECUTABLE_FOLDER_PATH)/Digital_Factory";
			};
			name = Release;
		};
		D273EE7A2CE569A100F32D46 /* Debug */ = {
			isa = XCBuildConfiguration;
			buildSettings = {
				CODE_SIGN_STYLE = Automatic;
				CURRENT_PROJECT_VERSION = 1;
				GENERATE_INFOPLIST_FILE = YES;
				MARKETING_VERSION = 1.0;
				PRODUCT_BUNDLE_IDENTIFIER = "spidey.Digital-FactoryUITests";
				PRODUCT_NAME = "$(TARGET_NAME)";
				SWIFT_EMIT_LOC_STRINGS = NO;
				SWIFT_VERSION = 5.0;
				TARGETED_DEVICE_FAMILY = "1,2";
				TEST_TARGET_NAME = Digital_Factory;
			};
			name = Debug;
		};
		D273EE7B2CE569A100F32D46 /* Release */ = {
			isa = XCBuildConfiguration;
			buildSettings = {
				CODE_SIGN_STYLE = Automatic;
				CURRENT_PROJECT_VERSION = 1;
				GENERATE_INFOPLIST_FILE = YES;
				MARKETING_VERSION = 1.0;
				PRODUCT_BUNDLE_IDENTIFIER = "spidey.Digital-FactoryUITests";
				PRODUCT_NAME = "$(TARGET_NAME)";
				SWIFT_EMIT_LOC_STRINGS = NO;
				SWIFT_VERSION = 5.0;
				TARGETED_DEVICE_FAMILY = "1,2";
				TEST_TARGET_NAME = Digital_Factory;
			};
			name = Release;
		};
/* End XCBuildConfiguration section */

/* Begin XCConfigurationList section */
		D273EE4A2CE5699E00F32D46 /* Build configuration list for PBXProject "Digital_Factory" */ = {
			isa = XCConfigurationList;
			buildConfigurations = (
				D273EE712CE569A100F32D46 /* Debug */,
				D273EE722CE569A100F32D46 /* Release */,
			);
			defaultConfigurationIsVisible = 0;
			defaultConfigurationName = Release;
		};
		D273EE732CE569A100F32D46 /* Build configuration list for PBXNativeTarget "Digital_Factory" */ = {
			isa = XCConfigurationList;
			buildConfigurations = (
				D273EE742CE569A100F32D46 /* Debug */,
				D273EE752CE569A100F32D46 /* Release */,
			);
			defaultConfigurationIsVisible = 0;
			defaultConfigurationName = Release;
		};
		D273EE762CE569A100F32D46 /* Build configuration list for PBXNativeTarget "Digital_FactoryTests" */ = {
			isa = XCConfigurationList;
			buildConfigurations = (
				D273EE772CE569A100F32D46 /* Debug */,
				D273EE782CE569A100F32D46 /* Release */,
			);
			defaultConfigurationIsVisible = 0;
			defaultConfigurationName = Release;
		};
		D273EE792CE569A100F32D46 /* Build configuration list for PBXNativeTarget "Digital_FactoryUITests" */ = {
			isa = XCConfigurationList;
			buildConfigurations = (
				D273EE7A2CE569A100F32D46 /* Debug */,
				D273EE7B2CE569A100F32D46 /* Release */,
			);
			defaultConfigurationIsVisible = 0;
			defaultConfigurationName = Release;
		};
/* End XCConfigurationList section */
	};
	rootObject = D273EE472CE5699E00F32D46 /* Project object */;
}
